
Microsoft Visual Studio Solution File, Format Version 12.00
# Visual Studio Version 16
VisualStudioVersion = 16.0.30204.135
MinimumVisualStudioVersion = 10.0.40219.1
Project("{9A19103F-16F7-4668-BE54-9A1E7A4F7556}") = "HackerRankNewStories", "WebApplication1\HackerRankNewStories.csproj", "{9381CBEA-946B-46DB-B34C-FF72A6FA8CCC}"
EndProject
Global
	GlobalSection(SolutionConfigurationPlatforms) = preSolution
		Debug|Any CPU = Debug|Any CPU
		Release|Any CPU = Release|Any CPU
	EndGlobalSection
	GlobalSection(ProjectConfigurationPlatforms) = postSolution
		{9381CBEA-946B-46DB-B34C-FF72A6FA8CCC}.Debug|Any CPU.ActiveCfg = Debug|Any CPU
		{9381CBEA-946B-46DB-B34C-FF72A6FA8CCC}.Debug|Any CPU.Build.0 = Debug|Any CPU
		{9381CBEA-946B-46DB-B34C-FF72A6FA8CCC}.Release|Any CPU.ActiveCfg = Release|Any CPU
		{9381CBEA-946B-46DB-B34C-FF72A6FA8CCC}.Release|Any CPU.Build.0 = Release|Any CPU
	EndGlobalSection
	GlobalSection(SolutionProperties) = preSolution
		HideSolutionNode = FALSE
	EndGlobalSection
	GlobalSection(ExtensibilityGlobals) = postSolution
		SolutionGuid = {71410C2E-D860-4C65-B46A-FC89ABBF2C3F}
	EndGlobalSection
EndGlobal
